
Microsoft Visual Studio Solution File, Format Version 12.00
# Visual Studio Version 17
VisualStudioVersion = 17.9.34714.143
MinimumVisualStudioVersion = 10.0.40219.1
Project("{FAE04EC0-301F-11D3-BF4B-00C04F79EFBC}") = "ek24", "ek24.csproj", "{75AF1A4A-2FB6-471C-A3D2-0206672CE879}"
EndProject
Global
	GlobalSection(SolutionConfigurationPlatforms) = preSolution
		Debug|Any CPU = Debug|Any CPU
		Release|Any CPU = Release|Any CPU
	EndGlobalSection
	GlobalSection(ProjectConfigurationPlatforms) = postSolution
		{75AF1A4A-2FB6-471C-A3D2-0206672CE879}.Debug|Any CPU.ActiveCfg = Debug|Any CPU
		{75AF1A4A-2FB6-471C-A3D2-0206672CE879}.Debug|Any CPU.Build.0 = Debug|Any CPU
		{75AF1A4A-2FB6-471C-A3D2-0206672CE879}.Release|Any CPU.ActiveCfg = Release|Any CPU
		{75AF1A4A-2FB6-471C-A3D2-0206672CE879}.Release|Any CPU.Build.0 = Release|Any CPU
	EndGlobalSection
	GlobalSection(SolutionProperties) = preSolution
		HideSolutionNode = FALSE
	EndGlobalSection
	GlobalSection(ExtensibilityGlobals) = postSolution
		SolutionGuid = {432FC19B-53E6-465A-9855-4DF4C80E4853}
	EndGlobalSection
EndGlobal
